<?xml version="1.0" encoding="utf-8"?>
<Project ToolsVersion="4.0" xmlns="http://schemas.microsoft.com/developer/msbuild/2003">
  <ItemGroup>
    <Filter Include="源文件">
      <UniqueIdentifier>{4FC737F1-C7A5-4376-A066-2A32D752A2FF}</UniqueIdentifier>
      <Extensions>cpp;c;cc;cxx;def;odl;idl;hpj;bat;asm;asmx</Extensions>
    </Filter>
    <Filter Include="头文件">
      <UniqueIdentifier>{93995380-89BD-4b04-88EB-625FBE52EBFB}</UniqueIdentifier>
      <Extensions>h;hh;hpp;hxx;hm;inl;inc;xsd</Extensions>
    </Filter>
    <Filter Include="资源文件">
      <UniqueIdentifier>{67DA6AB6-F800-4c08-8B7A-83BB121AAD01}</UniqueIdentifier>
      <Extensions>rc;ico;cur;bmp;dlg;rc2;rct;bin;rgs;gif;jpg;jpeg;jpe;resx;tiff;tif;png;wav;mfcribbon-ms</Extensions>
    </Filter>
  </ItemGroup>
  <ItemGroup>
    <ClCompile Include="..\FeatureExporter.cpp">
      <Filter>源文件</Filter>
    </ClCompile>
    <ClCompile Include="TriMesh_normals.cpp">
      <Filter>源文件</Filter>
    </ClCompile>
    <ClCompile Include="diffuse.cpp">
      <Filter>源文件</Filter>
    </ClCompile>
    <ClCompile Include="DijkstraForGeodesics.cpp">
      <Filter>源文件</Filter>
    </ClCompile>
    <ClCompile Include="edgeflip.cpp">
      <Filter>源文件</Filter>
    </ClCompile>
    <ClCompile Include="faceflip.cpp">
      <Filter>源文件</Filter>
    </ClCompile>
    <ClCompile Include="filter.cpp">
      <Filter>源文件</Filter>
    </ClCompile>
    <ClCompile Include="ICP.cpp">
      <Filter>源文件</Filter>
    </ClCompile>
    <ClCompile Include="JointBoost.cpp">
      <Filter>源文件</Filter>
    </ClCompile>
    <ClCompile Include="JointBoost2.cpp">
      <Filter>源文件</Filter>
    </ClCompile>
    <ClCompile Include="KDtree.cpp">
      <Filter>源文件</Filter>
    </ClCompile>
    <ClCompile Include="lmsmooth.cpp">
      <Filter>源文件</Filter>
    </ClCompile>
    <ClCompile Include="remove.cpp">
      <Filter>源文件</Filter>
    </ClCompile>
    <ClCompile Include="reorder_verts.cpp">
      <Filter>源文件</Filter>
    </ClCompile>
    <ClCompile Include="subdiv.cpp">
      <Filter>源文件</Filter>
    </ClCompile>
    <ClCompile Include="TriMesh_bounding.cpp">
      <Filter>源文件</Filter>
    </ClCompile>
    <ClCompile Include="TriMesh_connectivity.cpp">
      <Filter>源文件</Filter>
    </ClCompile>
    <ClCompile Include="TriMesh_curvature.cpp">
      <Filter>源文件</Filter>
    </ClCompile>
    <ClCompile Include="TriMesh_grid.cpp">
      <Filter>源文件</Filter>
    </ClCompile>
    <ClCompile Include="TriMesh_io.cpp">
      <Filter>源文件</Filter>
    </ClCompile>
    <ClCompile Include="TriMesh_pointareas.cpp">
      <Filter>源文件</Filter>
    </ClCompile>
    <ClCompile Include="TriMesh_stats.cpp">
      <Filter>源文件</Filter>
    </ClCompile>
    <ClCompile Include="TriMesh_tstrips.cpp">
      <Filter>源文件</Filter>
    </ClCompile>
  </ItemGroup>
  <ItemGroup>
    <ClInclude Include="..\Trimesh2\TriMesh_algo.h">
      <Filter>头文件</Filter>
    </ClInclude>
    <ClInclude Include="..\Trimesh2\TriMesh.h">
      <Filter>头文件</Filter>
    </ClInclude>
  </ItemGroup>
</Project>